
Microsoft Visual Studio Solution File, Format Version 12.00
# Visual Studio 2017
Project("{FAE04EC0-301F-11D3-BF4B-00C04F79EFBC}") = "Roll_a_Ball", "Roll_a_Ball.csproj", "{ABFB6192-683B-E7A9-5C92-951AE67F6E54}"
EndProject
Global
	GlobalSection(SolutionConfigurationPlatforms) = preSolution
		Debug|Any CPU = Debug|Any CPU
		Release|Any CPU = Release|Any CPU
	EndGlobalSection
	GlobalSection(ProjectConfigurationPlatforms) = postSolution
		{ABFB6192-683B-E7A9-5C92-951AE67F6E54}.Debug|Any CPU.ActiveCfg = Debug|Any CPU
		{ABFB6192-683B-E7A9-5C92-951AE67F6E54}.Debug|Any CPU.Build.0 = Debug|Any CPU
		{ABFB6192-683B-E7A9-5C92-951AE67F6E54}.Release|Any CPU.ActiveCfg = Release|Any CPU
		{ABFB6192-683B-E7A9-5C92-951AE67F6E54}.Release|Any CPU.Build.0 = Release|Any CPU
	EndGlobalSection
	GlobalSection(SolutionProperties) = preSolution
		HideSolutionNode = FALSE
	EndGlobalSection
EndGlobal
